{
  "name": "react-state2000",
  "version": "0.0.1",
  "lockfileVersion": 1,
  "requires": true,
  "dependencies": {
    "state2000": {
      "version": "0.0.1",
      "resolved": "https://registry.npmjs.org/state2000/-/state2000-0.0.1.tgz",
      "integrity": "sha512-N+ZHvnNwUlM6XP4xhYV89gbmgUZS4GJxix0hixqdCRxxTKQ4gHBnS7yA87N4iB9jCdJgCg5GSnYQVQSq30v4+g=="
    }
  }
}
